// !$*UTF8*$!
{
	archiveVersion = 1;
	classes = {
	};
	objectVersion = 56;
	objects = {

/* Begin PBXBuildFile section */
		416677282B9A24D700960469 /* HomeSection.swift in Sources */ = {isa = PBXBuildFile; fileRef = 416677272B9A24D700960469 /* HomeSection.swift */; };
		4166772A2B9A264D00960469 /* TabbarController.swift in Sources */ = {isa = PBXBuildFile; fileRef = 416677292B9A264D00960469 /* TabbarController.swift */; };
		4166772D2B9A268900960469 /* HomeHeaderCell.swift in Sources */ = {isa = PBXBuildFile; fileRef = 4166772B2B9A268900960469 /* HomeHeaderCell.swift */; };
		4166772E2B9A268900960469 /* HomeHeaderCell.xib in Resources */ = {isa = PBXBuildFile; fileRef = 4166772C2B9A268900960469 /* HomeHeaderCell.xib */; };
		416677332B9A26A400960469 /* HomeRecommendContainerCell.swift in Sources */ = {isa = PBXBuildFile; fileRef = 416677312B9A26A400960469 /* HomeRecommendContainerCell.swift */; };
		416677342B9A26A400960469 /* HomeRecommendContainerCell.xib in Resources */ = {isa = PBXBuildFile; fileRef = 416677322B9A26A400960469 /* HomeRecommendContainerCell.xib */; };
		416677392B9A26B700960469 /* HomeFooterCell.swift in Sources */ = {isa = PBXBuildFile; fileRef = 416677372B9A26B700960469 /* HomeFooterCell.swift */; };
		4166773A2B9A26B700960469 /* HomeFooterCell.xib in Resources */ = {isa = PBXBuildFile; fileRef = 416677382B9A26B700960469 /* HomeFooterCell.xib */; };
		4166773D2B9A26C800960469 /* HomeRecommendItemCell.swift in Sources */ = {isa = PBXBuildFile; fileRef = 4166773B2B9A26C800960469 /* HomeRecommendItemCell.swift */; };
		4166773E2B9A26C800960469 /* HomeRecommendItemCell.xib in Resources */ = {isa = PBXBuildFile; fileRef = 4166773C2B9A26C800960469 /* HomeRecommendItemCell.xib */; };
		416677412B9A29E600960469 /* HomeViewModel.swift in Sources */ = {isa = PBXBuildFile; fileRef = 416677402B9A29E600960469 /* HomeViewModel.swift */; };
		416677442B9B093100960469 /* HomeRankingListContainerCell.swift in Sources */ = {isa = PBXBuildFile; fileRef = 416677422B9B093100960469 /* HomeRankingListContainerCell.swift */; };
		416677452B9B093100960469 /* HomeRankingContainerCell.xib in Resources */ = {isa = PBXBuildFile; fileRef = 416677432B9B093100960469 /* HomeRankingContainerCell.xib */; };
		416677482B9B0A8B00960469 /* HomeRecentWatchContainerCell.swift in Sources */ = {isa = PBXBuildFile; fileRef = 416677462B9B0A8B00960469 /* HomeRecentWatchContainerCell.swift */; };
		416677492B9B0A8B00960469 /* HomeRecentWatchContainerCell.xib in Resources */ = {isa = PBXBuildFile; fileRef = 416677472B9B0A8B00960469 /* HomeRecentWatchContainerCell.xib */; };
		4166774C2B9B0AFE00960469 /* HomeRecentWatchItemCell.swift in Sources */ = {isa = PBXBuildFile; fileRef = 4166774A2B9B0AFE00960469 /* HomeRecentWatchItemCell.swift */; };
		4166774D2B9B0AFE00960469 /* HomeRecentWatchItemCell.xib in Resources */ = {isa = PBXBuildFile; fileRef = 4166774B2B9B0AFE00960469 /* HomeRecentWatchItemCell.xib */; };
		416677502B9B0C1100960469 /* HomeRankingItemCell.swift in Sources */ = {isa = PBXBuildFile; fileRef = 4166774E2B9B0C1100960469 /* HomeRankingItemCell.swift */; };
		416677512B9B0C1100960469 /* HomeRankingItemCell.xib in Resources */ = {isa = PBXBuildFile; fileRef = 4166774F2B9B0C1100960469 /* HomeRankingItemCell.xib */; };
		416677582B9B105800960469 /* bookmark.json in Resources */ = {isa = PBXBuildFile; fileRef = 416677522B9B105800960469 /* bookmark.json */; };
		416677592B9B105800960469 /* favorite.json in Resources */ = {isa = PBXBuildFile; fileRef = 416677532B9B105800960469 /* favorite.json */; };
		4166775A2B9B105800960469 /* home.json in Resources */ = {isa = PBXBuildFile; fileRef = 416677542B9B105800960469 /* home.json */; };
		4166775B2B9B105800960469 /* live.json in Resources */ = {isa = PBXBuildFile; fileRef = 416677552B9B105800960469 /* live.json */; };
		4166775C2B9B105800960469 /* video.json in Resources */ = {isa = PBXBuildFile; fileRef = 416677562B9B105800960469 /* video.json */; };
		4166775F2B9B106F00960469 /* URLDefines.swift in Sources */ = {isa = PBXBuildFile; fileRef = 4166775E2B9B106F00960469 /* URLDefines.swift */; };
		416677622B9B10CF00960469 /* Home.swift in Sources */ = {isa = PBXBuildFile; fileRef = 416677612B9B10CF00960469 /* Home.swift */; };
		416677652B9B11C100960469 /* UIImageView+Task.swift in Sources */ = {isa = PBXBuildFile; fileRef = 416677642B9B11C100960469 /* UIImageView+Task.swift */; };
		416677672B9B11CF00960469 /* DataLoader.swift in Sources */ = {isa = PBXBuildFile; fileRef = 416677662B9B11CF00960469 /* DataLoader.swift */; };
		417C40BF2B9A15B300BC6022 /* AppDelegate.swift in Sources */ = {isa = PBXBuildFile; fileRef = 417C40BE2B9A15B300BC6022 /* AppDelegate.swift */; };
		417C40C12B9A15B300BC6022 /* SceneDelegate.swift in Sources */ = {isa = PBXBuildFile; fileRef = 417C40C02B9A15B300BC6022 /* SceneDelegate.swift */; };
		417C40C32B9A15B300BC6022 /* LoginViewController.swift in Sources */ = {isa = PBXBuildFile; fileRef = 417C40C22B9A15B300BC6022 /* LoginViewController.swift */; };
		417C40C62B9A15B300BC6022 /* Base in Resources */ = {isa = PBXBuildFile; fileRef = 417C40C52B9A15B300BC6022 /* Base */; };
		417C40C82B9A15B300BC6022 /* Assets.xcassets in Resources */ = {isa = PBXBuildFile; fileRef = 417C40C72B9A15B300BC6022 /* Assets.xcassets */; };
		417C40CB2B9A15B300BC6022 /* Base in Resources */ = {isa = PBXBuildFile; fileRef = 417C40CA2B9A15B300BC6022 /* Base */; };
		417C40D62B9A15B400BC6022 /* KTVTests.swift in Sources */ = {isa = PBXBuildFile; fileRef = 417C40D52B9A15B400BC6022 /* KTVTests.swift */; };
		417C40E02B9A15B400BC6022 /* KTVUITests.swift in Sources */ = {isa = PBXBuildFile; fileRef = 417C40DF2B9A15B400BC6022 /* KTVUITests.swift */; };
		417C40E22B9A15B400BC6022 /* KTVUITestsLaunchTests.swift in Sources */ = {isa = PBXBuildFile; fileRef = 417C40E12B9A15B400BC6022 /* KTVUITestsLaunchTests.swift */; };
		417C40F12B9A1A9800BC6022 /* Color.xcassets in Resources */ = {isa = PBXBuildFile; fileRef = 417C40F02B9A1A9800BC6022 /* Color.xcassets */; };
		417C40F42B9A1EED00BC6022 /* HomeViewController.swift in Sources */ = {isa = PBXBuildFile; fileRef = 417C40F32B9A1EED00BC6022 /* HomeViewController.swift */; };
		417C40F82B9A1F8C00BC6022 /* HomeVideoCell.swift in Sources */ = {isa = PBXBuildFile; fileRef = 417C40F62B9A1F8C00BC6022 /* HomeVideoCell.swift */; };
		417C40F92B9A1F8C00BC6022 /* HomeVideoCell.xib in Resources */ = {isa = PBXBuildFile; fileRef = 417C40F72B9A1F8C00BC6022 /* HomeVideoCell.xib */; };
/* End PBXBuildFile section */

/* Begin PBXContainerItemProxy section */
		417C40D22B9A15B400BC6022 /* PBXContainerItemProxy */ = {
			isa = PBXContainerItemProxy;
			containerPortal = 417C40B32B9A15B300BC6022 /* Project object */;
			proxyType = 1;
			remoteGlobalIDString = 417C40BA2B9A15B300BC6022;
			remoteInfo = KTV;
		};
		417C40DC2B9A15B400BC6022 /* PBXContainerItemProxy */ = {
			isa = PBXContainerItemProxy;
			containerPortal = 417C40B32B9A15B300BC6022 /* Project object */;
			proxyType = 1;
			remoteGlobalIDString = 417C40BA2B9A15B300BC6022;
			remoteInfo = KTV;
		};
/* End PBXContainerItemProxy section */

/* Begin PBXFileReference section */
		416677272B9A24D700960469 /* HomeSection.swift */ = {isa = PBXFileReference; lastKnownFileType = sourcecode.swift; path = HomeSection.swift; sourceTree = "<group>"; };
		416677292B9A264D00960469 /* TabbarController.swift */ = {isa = PBXFileReference; lastKnownFileType = sourcecode.swift; path = TabbarController.swift; sourceTree = "<group>"; };
		4166772B2B9A268900960469 /* HomeHeaderCell.swift */ = {isa = PBXFileReference; lastKnownFileType = sourcecode.swift; path = HomeHeaderCell.swift; sourceTree = "<group>"; };
		4166772C2B9A268900960469 /* HomeHeaderCell.xib */ = {isa = PBXFileReference; lastKnownFileType = file.xib; path = HomeHeaderCell.xib; sourceTree = "<group>"; };
		416677312B9A26A400960469 /* HomeRecommendContainerCell.swift */ = {isa = PBXFileReference; lastKnownFileType = sourcecode.swift; path = HomeRecommendContainerCell.swift; sourceTree = "<group>"; };
		416677322B9A26A400960469 /* HomeRecommendContainerCell.xib */ = {isa = PBXFileReference; lastKnownFileType = file.xib; path = HomeRecommendContainerCell.xib; sourceTree = "<group>"; };
		416677372B9A26B700960469 /* HomeFooterCell.swift */ = {isa = PBXFileReference; lastKnownFileType = sourcecode.swift; path = HomeFooterCell.swift; sourceTree = "<group>"; };
		416677382B9A26B700960469 /* HomeFooterCell.xib */ = {isa = PBXFileReference; lastKnownFileType = file.xib; path = HomeFooterCell.xib; sourceTree = "<group>"; };
		4166773B2B9A26C800960469 /* HomeRecommendItemCell.swift */ = {isa = PBXFileReference; lastKnownFileType = sourcecode.swift; path = HomeRecommendItemCell.swift; sourceTree = "<group>"; };
		4166773C2B9A26C800960469 /* HomeRecommendItemCell.xib */ = {isa = PBXFileReference; lastKnownFileType = file.xib; path = HomeRecommendItemCell.xib; sourceTree = "<group>"; };
		416677402B9A29E600960469 /* HomeViewModel.swift */ = {isa = PBXFileReference; lastKnownFileType = sourcecode.swift; path = HomeViewModel.swift; sourceTree = "<group>"; };
		416677422B9B093100960469 /* HomeRankingListContainerCell.swift */ = {isa = PBXFileReference; lastKnownFileType = sourcecode.swift; path = HomeRankingListContainerCell.swift; sourceTree = "<group>"; };
		416677432B9B093100960469 /* HomeRankingContainerCell.xib */ = {isa = PBXFileReference; lastKnownFileType = file.xib; path = HomeRankingContainerCell.xib; sourceTree = "<group>"; };
		416677462B9B0A8B00960469 /* HomeRecentWatchContainerCell.swift */ = {isa = PBXFileReference; lastKnownFileType = sourcecode.swift; path = HomeRecentWatchContainerCell.swift; sourceTree = "<group>"; };
		416677472B9B0A8B00960469 /* HomeRecentWatchContainerCell.xib */ = {isa = PBXFileReference; lastKnownFileType = file.xib; path = HomeRecentWatchContainerCell.xib; sourceTree = "<group>"; };
		4166774A2B9B0AFE00960469 /* HomeRecentWatchItemCell.swift */ = {isa = PBXFileReference; lastKnownFileType = sourcecode.swift; path = HomeRecentWatchItemCell.swift; sourceTree = "<group>"; };
		4166774B2B9B0AFE00960469 /* HomeRecentWatchItemCell.xib */ = {isa = PBXFileReference; lastKnownFileType = file.xib; path = HomeRecentWatchItemCell.xib; sourceTree = "<group>"; };
		4166774E2B9B0C1100960469 /* HomeRankingItemCell.swift */ = {isa = PBXFileReference; lastKnownFileType = sourcecode.swift; path = HomeRankingItemCell.swift; sourceTree = "<group>"; };
		4166774F2B9B0C1100960469 /* HomeRankingItemCell.xib */ = {isa = PBXFileReference; lastKnownFileType = file.xib; path = HomeRankingItemCell.xib; sourceTree = "<group>"; };
		416677522B9B105800960469 /* bookmark.json */ = {isa = PBXFileReference; fileEncoding = 4; lastKnownFileType = text.json; path = bookmark.json; sourceTree = "<group>"; };
		416677532B9B105800960469 /* favorite.json */ = {isa = PBXFileReference; fileEncoding = 4; lastKnownFileType = text.json; path = favorite.json; sourceTree = "<group>"; };
		416677542B9B105800960469 /* home.json */ = {isa = PBXFileReference; fileEncoding = 4; lastKnownFileType = text.json; path = home.json; sourceTree = "<group>"; };
		416677552B9B105800960469 /* live.json */ = {isa = PBXFileReference; fileEncoding = 4; lastKnownFileType = text.json; path = live.json; sourceTree = "<group>"; };
		416677562B9B105800960469 /* video.json */ = {isa = PBXFileReference; fileEncoding = 4; lastKnownFileType = text.json; path = video.json; sourceTree = "<group>"; };
		4166775E2B9B106F00960469 /* URLDefines.swift */ = {isa = PBXFileReference; lastKnownFileType = sourcecode.swift; path = URLDefines.swift; sourceTree = "<group>"; };
		416677612B9B10CF00960469 /* Home.swift */ = {isa = PBXFileReference; lastKnownFileType = sourcecode.swift; path = Home.swift; sourceTree = "<group>"; };
		416677642B9B11C100960469 /* UIImageView+Task.swift */ = {isa = PBXFileReference; lastKnownFileType = sourcecode.swift; path = "UIImageView+Task.swift"; sourceTree = "<group>"; };
		416677662B9B11CF00960469 /* DataLoader.swift */ = {isa = PBXFileReference; lastKnownFileType = sourcecode.swift; path = DataLoader.swift; sourceTree = "<group>"; };
		417C40BB2B9A15B300BC6022 /* KTV.app */ = {isa = PBXFileReference; explicitFileType = wrapper.application; includeInIndex = 0; path = KTV.app; sourceTree = BUILT_PRODUCTS_DIR; };
		417C40BE2B9A15B300BC6022 /* AppDelegate.swift */ = {isa = PBXFileReference; lastKnownFileType = sourcecode.swift; path = AppDelegate.swift; sourceTree = "<group>"; };
		417C40C02B9A15B300BC6022 /* SceneDelegate.swift */ = {isa = PBXFileReference; lastKnownFileType = sourcecode.swift; path = SceneDelegate.swift; sourceTree = "<group>"; };
		417C40C22B9A15B300BC6022 /* LoginViewController.swift */ = {isa = PBXFileReference; lastKnownFileType = sourcecode.swift; path = LoginViewController.swift; sourceTree = "<group>"; };
		417C40C52B9A15B300BC6022 /* Base */ = {isa = PBXFileReference; lastKnownFileType = file.storyboard; name = Base; path = Base.lproj/Main.storyboard; sourceTree = "<group>"; };
		417C40C72B9A15B300BC6022 /* Assets.xcassets */ = {isa = PBXFileReference; lastKnownFileType = folder.assetcatalog; path = Assets.xcassets; sourceTree = "<group>"; };
		417C40CA2B9A15B300BC6022 /* Base */ = {isa = PBXFileReference; lastKnownFileType = file.storyboard; name = Base; path = Base.lproj/LaunchScreen.storyboard; sourceTree = "<group>"; };
		417C40CC2B9A15B300BC6022 /* Info.plist */ = {isa = PBXFileReference; lastKnownFileType = text.plist.xml; path = Info.plist; sourceTree = "<group>"; };
		417C40D12B9A15B400BC6022 /* KTVTests.xctest */ = {isa = PBXFileReference; explicitFileType = wrapper.cfbundle; includeInIndex = 0; path = KTVTests.xctest; sourceTree = BUILT_PRODUCTS_DIR; };
		417C40D52B9A15B400BC6022 /* KTVTests.swift */ = {isa = PBXFileReference; lastKnownFileType = sourcecode.swift; path = KTVTests.swift; sourceTree = "<group>"; };
		417C40DB2B9A15B400BC6022 /* KTVUITests.xctest */ = {isa = PBXFileReference; explicitFileType = wrapper.cfbundle; includeInIndex = 0; path = KTVUITests.xctest; sourceTree = BUILT_PRODUCTS_DIR; };
		417C40DF2B9A15B400BC6022 /* KTVUITests.swift */ = {isa = PBXFileReference; lastKnownFileType = sourcecode.swift; path = KTVUITests.swift; sourceTree = "<group>"; };
		417C40E12B9A15B400BC6022 /* KTVUITestsLaunchTests.swift */ = {isa = PBXFileReference; lastKnownFileType = sourcecode.swift; path = KTVUITestsLaunchTests.swift; sourceTree = "<group>"; };
		417C40F02B9A1A9800BC6022 /* Color.xcassets */ = {isa = PBXFileReference; lastKnownFileType = folder.assetcatalog; path = Color.xcassets; sourceTree = "<group>"; };
		417C40F32B9A1EED00BC6022 /* HomeViewController.swift */ = {isa = PBXFileReference; lastKnownFileType = sourcecode.swift; path = HomeViewController.swift; sourceTree = "<group>"; };
		417C40F62B9A1F8C00BC6022 /* HomeVideoCell.swift */ = {isa = PBXFileReference; lastKnownFileType = sourcecode.swift; path = HomeVideoCell.swift; sourceTree = "<group>"; };
		417C40F72B9A1F8C00BC6022 /* HomeVideoCell.xib */ = {isa = PBXFileReference; lastKnownFileType = file.xib; path = HomeVideoCell.xib; sourceTree = "<group>"; };
/* End PBXFileReference section */

/* Begin PBXFrameworksBuildPhase section */
		417C40B82B9A15B300BC6022 /* Frameworks */ = {
			isa = PBXFrameworksBuildPhase;
			buildActionMask = 2147483647;
			files = (
			);
			runOnlyForDeploymentPostprocessing = 0;
		};
		417C40CE2B9A15B400BC6022 /* Frameworks */ = {
			isa = PBXFrameworksBuildPhase;
			buildActionMask = 2147483647;
			files = (
			);
			runOnlyForDeploymentPostprocessing = 0;
		};
		417C40D82B9A15B400BC6022 /* Frameworks */ = {
			isa = PBXFrameworksBuildPhase;
			buildActionMask = 2147483647;
			files = (
			);
			runOnlyForDeploymentPostprocessing = 0;
		};
/* End PBXFrameworksBuildPhase section */

/* Begin PBXGroup section */
		4166773F2B9A29AC00960469 /* Login */ = {
			isa = PBXGroup;
			children = (
				417C40C22B9A15B300BC6022 /* LoginViewController.swift */,
			);
			path = Login;
			sourceTree = "<group>";
		};
		416677572B9B105800960469 /* JSON */ = {
			isa = PBXGroup;
			children = (
				416677522B9B105800960469 /* bookmark.json */,
				416677532B9B105800960469 /* favorite.json */,
				416677542B9B105800960469 /* home.json */,
				416677552B9B105800960469 /* live.json */,
				416677562B9B105800960469 /* video.json */,
			);
			path = JSON;
			sourceTree = "<group>";
		};
		4166775D2B9B106200960469 /* URLDefines */ = {
			isa = PBXGroup;
			children = (
				4166775E2B9B106F00960469 /* URLDefines.swift */,
			);
			path = URLDefines;
			sourceTree = "<group>";
		};
		416677602B9B10B500960469 /* Model */ = {
			isa = PBXGroup;
			children = (
				416677612B9B10CF00960469 /* Home.swift */,
			);
			path = Model;
			sourceTree = "<group>";
		};
		416677632B9B11B200960469 /* Util */ = {
			isa = PBXGroup;
			children = (
				416677642B9B11C100960469 /* UIImageView+Task.swift */,
				416677662B9B11CF00960469 /* DataLoader.swift */,
			);
			path = Util;
			sourceTree = "<group>";
		};
		417C40B22B9A15B300BC6022 = {
			isa = PBXGroup;
			children = (
				417C40BD2B9A15B300BC6022 /* KTV */,
				417C40D42B9A15B400BC6022 /* KTVTests */,
				417C40DE2B9A15B400BC6022 /* KTVUITests */,
				417C40BC2B9A15B300BC6022 /* Products */,
			);
			sourceTree = "<group>";
		};
		417C40BC2B9A15B300BC6022 /* Products */ = {
			isa = PBXGroup;
			children = (
				417C40BB2B9A15B300BC6022 /* KTV.app */,
				417C40D12B9A15B400BC6022 /* KTVTests.xctest */,
				417C40DB2B9A15B400BC6022 /* KTVUITests.xctest */,
			);
			name = Products;
			sourceTree = "<group>";
		};
		417C40BD2B9A15B300BC6022 /* KTV */ = {
			isa = PBXGroup;
			children = (
				416677292B9A264D00960469 /* TabbarController.swift */,
				416677632B9B11B200960469 /* Util */,
				416677602B9B10B500960469 /* Model */,
				4166775D2B9B106200960469 /* URLDefines */,
				416677572B9B105800960469 /* JSON */,
				4166773F2B9A29AC00960469 /* Login */,
				417C40F22B9A1EDC00BC6022 /* Home */,
				417C40BE2B9A15B300BC6022 /* AppDelegate.swift */,
				417C40C02B9A15B300BC6022 /* SceneDelegate.swift */,
				417C40C42B9A15B300BC6022 /* Main.storyboard */,
				417C40C72B9A15B300BC6022 /* Assets.xcassets */,
				417C40C92B9A15B300BC6022 /* LaunchScreen.storyboard */,
				417C40F02B9A1A9800BC6022 /* Color.xcassets */,
				417C40CC2B9A15B300BC6022 /* Info.plist */,
			);
			path = KTV;
			sourceTree = "<group>";
		};
		417C40D42B9A15B400BC6022 /* KTVTests */ = {
			isa = PBXGroup;
			children = (
				417C40D52B9A15B400BC6022 /* KTVTests.swift */,
			);
			path = KTVTests;
			sourceTree = "<group>";
		};
		417C40DE2B9A15B400BC6022 /* KTVUITests */ = {
			isa = PBXGroup;
			children = (
				417C40DF2B9A15B400BC6022 /* KTVUITests.swift */,
				417C40E12B9A15B400BC6022 /* KTVUITestsLaunchTests.swift */,
			);
			path = KTVUITests;
			sourceTree = "<group>";
		};
		417C40F22B9A1EDC00BC6022 /* Home */ = {
			isa = PBXGroup;
			children = (
				417C40F52B9A1F6300BC6022 /* Cell */,
				417C40F32B9A1EED00BC6022 /* HomeViewController.swift */,
				416677272B9A24D700960469 /* HomeSection.swift */,
				416677402B9A29E600960469 /* HomeViewModel.swift */,
			);
			path = Home;
			sourceTree = "<group>";
		};
		417C40F52B9A1F6300BC6022 /* Cell */ = {
			isa = PBXGroup;
			children = (
				417C40F62B9A1F8C00BC6022 /* HomeVideoCell.swift */,
				417C40F72B9A1F8C00BC6022 /* HomeVideoCell.xib */,
				4166772B2B9A268900960469 /* HomeHeaderCell.swift */,
				4166772C2B9A268900960469 /* HomeHeaderCell.xib */,
				416677372B9A26B700960469 /* HomeFooterCell.swift */,
				416677382B9A26B700960469 /* HomeFooterCell.xib */,
				416677312B9A26A400960469 /* HomeRecommendContainerCell.swift */,
				416677322B9A26A400960469 /* HomeRecommendContainerCell.xib */,
				4166773B2B9A26C800960469 /* HomeRecommendItemCell.swift */,
				4166773C2B9A26C800960469 /* HomeRecommendItemCell.xib */,
				416677422B9B093100960469 /* HomeRankingListContainerCell.swift */,
				416677432B9B093100960469 /* HomeRankingContainerCell.xib */,
				416677462B9B0A8B00960469 /* HomeRecentWatchContainerCell.swift */,
				416677472B9B0A8B00960469 /* HomeRecentWatchContainerCell.xib */,
				4166774A2B9B0AFE00960469 /* HomeRecentWatchItemCell.swift */,
				4166774B2B9B0AFE00960469 /* HomeRecentWatchItemCell.xib */,
				4166774E2B9B0C1100960469 /* HomeRankingItemCell.swift */,
				4166774F2B9B0C1100960469 /* HomeRankingItemCell.xib */,
			);
			path = Cell;
			sourceTree = "<group>";
		};
/* End PBXGroup section */

/* Begin PBXNativeTarget section */
		417C40BA2B9A15B300BC6022 /* KTV */ = {
			isa = PBXNativeTarget;
			buildConfigurationList = 417C40E52B9A15B400BC6022 /* Build configuration list for PBXNativeTarget "KTV" */;
			buildPhases = (
				417C40B72B9A15B300BC6022 /* Sources */,
				417C40B82B9A15B300BC6022 /* Frameworks */,
				417C40B92B9A15B300BC6022 /* Resources */,
			);
			buildRules = (
			);
			dependencies = (
			);
			name = KTV;
			productName = KTV;
			productReference = 417C40BB2B9A15B300BC6022 /* KTV.app */;
			productType = "com.apple.product-type.application";
		};
		417C40D02B9A15B400BC6022 /* KTVTests */ = {
			isa = PBXNativeTarget;
			buildConfigurationList = 417C40E82B9A15B400BC6022 /* Build configuration list for PBXNativeTarget "KTVTests" */;
			buildPhases = (
				417C40CD2B9A15B400BC6022 /* Sources */,
				417C40CE2B9A15B400BC6022 /* Frameworks */,
				417C40CF2B9A15B400BC6022 /* Resources */,
			);
			buildRules = (
			);
			dependencies = (
				417C40D32B9A15B400BC6022 /* PBXTargetDependency */,
			);
			name = KTVTests;
			productName = KTVTests;
			productReference = 417C40D12B9A15B400BC6022 /* KTVTests.xctest */;
			productType = "com.apple.product-type.bundle.unit-test";
		};
		417C40DA2B9A15B400BC6022 /* KTVUITests */ = {
			isa = PBXNativeTarget;
			buildConfigurationList = 417C40EB2B9A15B400BC6022 /* Build configuration list for PBXNativeTarget "KTVUITests" */;
			buildPhases = (
				417C40D72B9A15B400BC6022 /* Sources */,
				417C40D82B9A15B400BC6022 /* Frameworks */,
				417C40D92B9A15B400BC6022 /* Resources */,
			);
			buildRules = (
			);
			dependencies = (
				417C40DD2B9A15B400BC6022 /* PBXTargetDependency */,
			);
			name = KTVUITests;
			productName = KTVUITests;
			productReference = 417C40DB2B9A15B400BC6022 /* KTVUITests.xctest */;
			productType = "com.apple.product-type.bundle.ui-testing";
		};
/* End PBXNativeTarget section */

/* Begin PBXProject section */
		417C40B32B9A15B300BC6022 /* Project object */ = {
			isa = PBXProject;
			attributes = {
				BuildIndependentTargetsInParallel = 1;
				LastSwiftUpdateCheck = 1530;
				LastUpgradeCheck = 1530;
				TargetAttributes = {
					417C40BA2B9A15B300BC6022 = {
						CreatedOnToolsVersion = 15.3;
					};
					417C40D02B9A15B400BC6022 = {
						CreatedOnToolsVersion = 15.3;
						TestTargetID = 417C40BA2B9A15B300BC6022;
					};
					417C40DA2B9A15B400BC6022 = {
						CreatedOnToolsVersion = 15.3;
						TestTargetID = 417C40BA2B9A15B300BC6022;
					};
				};
			};
			buildConfigurationList = 417C40B62B9A15B300BC6022 /* Build configuration list for PBXProject "KTV" */;
			compatibilityVersion = "Xcode 14.0";
			developmentRegion = en;
			hasScannedForEncodings = 0;
			knownRegions = (
				en,
				Base,
			);
			mainGroup = 417C40B22B9A15B300BC6022;
			productRefGroup = 417C40BC2B9A15B300BC6022 /* Products */;
			projectDirPath = "";
			projectRoot = "";
			targets = (
				417C40BA2B9A15B300BC6022 /* KTV */,
				417C40D02B9A15B400BC6022 /* KTVTests */,
				417C40DA2B9A15B400BC6022 /* KTVUITests */,
			);
		};
/* End PBXProject section */

/* Begin PBXResourcesBuildPhase section */
		417C40B92B9A15B300BC6022 /* Resources */ = {
			isa = PBXResourcesBuildPhase;
			buildActionMask = 2147483647;
			files = (
				4166774D2B9B0AFE00960469 /* HomeRecentWatchItemCell.xib in Resources */,
				417C40C82B9A15B300BC6022 /* Assets.xcassets in Resources */,
				416677492B9B0A8B00960469 /* HomeRecentWatchContainerCell.xib in Resources */,
				416677342B9A26A400960469 /* HomeRecommendContainerCell.xib in Resources */,
				4166773E2B9A26C800960469 /* HomeRecommendItemCell.xib in Resources */,
				417C40F12B9A1A9800BC6022 /* Color.xcassets in Resources */,
				4166775B2B9B105800960469 /* live.json in Resources */,
				4166773A2B9A26B700960469 /* HomeFooterCell.xib in Resources */,
				417C40CB2B9A15B300BC6022 /* Base in Resources */,
				416677512B9B0C1100960469 /* HomeRankingItemCell.xib in Resources */,
				416677452B9B093100960469 /* HomeRankingContainerCell.xib in Resources */,
				4166775A2B9B105800960469 /* home.json in Resources */,
				417C40F92B9A1F8C00BC6022 /* HomeVideoCell.xib in Resources */,
				4166775C2B9B105800960469 /* video.json in Resources */,
				416677582B9B105800960469 /* bookmark.json in Resources */,
				417C40C62B9A15B300BC6022 /* Base in Resources */,
				416677592B9B105800960469 /* favorite.json in Resources */,
				4166772E2B9A268900960469 /* HomeHeaderCell.xib in Resources */,
			);
			runOnlyForDeploymentPostprocessing = 0;
		};
		417C40CF2B9A15B400BC6022 /* Resources */ = {
			isa = PBXResourcesBuildPhase;
			buildActionMask = 2147483647;
			files = (
			);
			runOnlyForDeploymentPostprocessing = 0;
		};
		417C40D92B9A15B400BC6022 /* Resources */ = {
			isa = PBXResourcesBuildPhase;
			buildActionMask = 2147483647;
			files = (
			);
			runOnlyForDeploymentPostprocessing = 0;
		};
/* End PBXResourcesBuildPhase section */

/* Begin PBXSourcesBuildPhase section */
		417C40B72B9A15B300BC6022 /* Sources */ = {
			isa = PBXSourcesBuildPhase;
			buildActionMask = 2147483647;
			files = (
				417C40C32B9A15B300BC6022 /* LoginViewController.swift in Sources */,
				416677482B9B0A8B00960469 /* HomeRecentWatchContainerCell.swift in Sources */,
				4166772D2B9A268900960469 /* HomeHeaderCell.swift in Sources */,
				416677332B9A26A400960469 /* HomeRecommendContainerCell.swift in Sources */,
				416677622B9B10CF00960469 /* Home.swift in Sources */,
				416677672B9B11CF00960469 /* DataLoader.swift in Sources */,
				417C40BF2B9A15B300BC6022 /* AppDelegate.swift in Sources */,
				416677442B9B093100960469 /* HomeRankingListContainerCell.swift in Sources */,
				416677502B9B0C1100960469 /* HomeRankingItemCell.swift in Sources */,
				416677282B9A24D700960469 /* HomeSection.swift in Sources */,
				416677392B9A26B700960469 /* HomeFooterCell.swift in Sources */,
				416677652B9B11C100960469 /* UIImageView+Task.swift in Sources */,
				4166773D2B9A26C800960469 /* HomeRecommendItemCell.swift in Sources */,
				4166774C2B9B0AFE00960469 /* HomeRecentWatchItemCell.swift in Sources */,
				416677412B9A29E600960469 /* HomeViewModel.swift in Sources */,
				417C40C12B9A15B300BC6022 /* SceneDelegate.swift in Sources */,
				417C40F82B9A1F8C00BC6022 /* HomeVideoCell.swift in Sources */,
				417C40F42B9A1EED00BC6022 /* HomeViewController.swift in Sources */,
				4166775F2B9B106F00960469 /* URLDefines.swift in Sources */,
				4166772A2B9A264D00960469 /* TabbarController.swift in Sources */,
			);
			runOnlyForDeploymentPostprocessing = 0;
		};
		417C40CD2B9A15B400BC6022 /* Sources */ = {
			isa = PBXSourcesBuildPhase;
			buildActionMask = 2147483647;
			files = (
				417C40D62B9A15B400BC6022 /* KTVTests.swift in Sources */,
			);
			runOnlyForDeploymentPostprocessing = 0;
		};
		417C40D72B9A15B400BC6022 /* Sources */ = {
			isa = PBXSourcesBuildPhase;
			buildActionMask = 2147483647;
			files = (
				417C40E22B9A15B400BC6022 /* KTVUITestsLaunchTests.swift in Sources */,
				417C40E02B9A15B400BC6022 /* KTVUITests.swift in Sources */,
			);
			runOnlyForDeploymentPostprocessing = 0;
		};
/* End PBXSourcesBuildPhase section */

/* Begin PBXTargetDependency section */
		417C40D32B9A15B400BC6022 /* PBXTargetDependency */ = {
			isa = PBXTargetDependency;
			target = 417C40BA2B9A15B300BC6022 /* KTV */;
			targetProxy = 417C40D22B9A15B400BC6022 /* PBXContainerItemProxy */;
		};
		417C40DD2B9A15B400BC6022 /* PBXTargetDependency */ = {
			isa = PBXTargetDependency;
			target = 417C40BA2B9A15B300BC6022 /* KTV */;
			targetProxy = 417C40DC2B9A15B400BC6022 /* PBXContainerItemProxy */;
		};
/* End PBXTargetDependency section */

/* Begin PBXVariantGroup section */
		417C40C42B9A15B300BC6022 /* Main.storyboard */ = {
			isa = PBXVariantGroup;
			children = (
				417C40C52B9A15B300BC6022 /* Base */,
			);
			name = Main.storyboard;
			sourceTree = "<group>";
		};
		417C40C92B9A15B300BC6022 /* LaunchScreen.storyboard */ = {
			isa = PBXVariantGroup;
			children = (
				417C40CA2B9A15B300BC6022 /* Base */,
			);
			name = LaunchScreen.storyboard;
			sourceTree = "<group>";
		};
/* End PBXVariantGroup section */

/* Begin XCBuildConfiguration section */
		417C40E32B9A15B400BC6022 /* Debug */ = {
			isa = XCBuildConfiguration;
			buildSettings = {
				ALWAYS_SEARCH_USER_PATHS = NO;
				ASSETCATALOG_COMPILER_GENERATE_SWIFT_ASSET_SYMBOL_EXTENSIONS = YES;
				CLANG_ANALYZER_NONNULL = YES;
				CLANG_ANALYZER_NUMBER_OBJECT_CONVERSION = YES_AGGRESSIVE;
				CLANG_CXX_LANGUAGE_STANDARD = "gnu++20";
				CLANG_ENABLE_MODULES = YES;
				CLANG_ENABLE_OBJC_ARC = YES;
				CLANG_ENABLE_OBJC_WEAK = YES;
				CLANG_WARN_BLOCK_CAPTURE_AUTORELEASING = YES;
				CLANG_WARN_BOOL_CONVERSION = YES;
				CLANG_WARN_COMMA = YES;
				CLANG_WARN_CONSTANT_CONVERSION = YES;
				CLANG_WARN_DEPRECATED_OBJC_IMPLEMENTATIONS = YES;
				CLANG_WARN_DIRECT_OBJC_ISA_USAGE = YES_ERROR;
				CLANG_WARN_DOCUMENTATION_COMMENTS = YES;
				CLANG_WARN_EMPTY_BODY = YES;
				CLANG_WARN_ENUM_CONVERSION = YES;
				CLANG_WARN_INFINITE_RECURSION = YES;
				CLANG_WARN_INT_CONVERSION = YES;
				CLANG_WARN_NON_LITERAL_NULL_CONVERSION = YES;
				CLANG_WARN_OBJC_IMPLICIT_RETAIN_SELF = YES;
				CLANG_WARN_OBJC_LITERAL_CONVERSION = YES;
				CLANG_WARN_OBJC_ROOT_CLASS = YES_ERROR;
				CLANG_WARN_QUOTED_INCLUDE_IN_FRAMEWORK_HEADER = YES;
				CLANG_WARN_RANGE_LOOP_ANALYSIS = YES;
				CLANG_WARN_STRICT_PROTOTYPES = YES;
				CLANG_WARN_SUSPICIOUS_MOVE = YES;
				CLANG_WARN_UNGUARDED_AVAILABILITY = YES_AGGRESSIVE;
				CLANG_WARN_UNREACHABLE_CODE = YES;
				CLANG_WARN__DUPLICATE_METHOD_MATCH = YES;
				COPY_PHASE_STRIP = NO;
				DEBUG_INFORMATION_FORMAT = dwarf;
				ENABLE_STRICT_OBJC_MSGSEND = YES;
				ENABLE_TESTABILITY = YES;
				ENABLE_USER_SCRIPT_SANDBOXING = YES;
				GCC_C_LANGUAGE_STANDARD = gnu17;
				GCC_DYNAMIC_NO_PIC = NO;
				GCC_NO_COMMON_BLOCKS = YES;
				GCC_OPTIMIZATION_LEVEL = 0;
				GCC_PREPROCESSOR_DEFINITIONS = (
					"DEBUG=1",
					"$(inherited)",
				);
				GCC_WARN_64_TO_32_BIT_CONVERSION = YES;
				GCC_WARN_ABOUT_RETURN_TYPE = YES_ERROR;
				GCC_WARN_UNDECLARED_SELECTOR = YES;
				GCC_WARN_UNINITIALIZED_AUTOS = YES_AGGRESSIVE;
				GCC_WARN_UNUSED_FUNCTION = YES;
				GCC_WARN_UNUSED_VARIABLE = YES;
				IPHONEOS_DEPLOYMENT_TARGET = 17.4;
				LOCALIZATION_PREFERS_STRING_CATALOGS = YES;
				MTL_ENABLE_DEBUG_INFO = INCLUDE_SOURCE;
				MTL_FAST_MATH = YES;
				ONLY_ACTIVE_ARCH = YES;
				SDKROOT = iphoneos;
				SWIFT_ACTIVE_COMPILATION_CONDITIONS = "DEBUG $(inherited)";
				SWIFT_OPTIMIZATION_LEVEL = "-Onone";
			};
			name = Debug;
		};
		417C40E42B9A15B400BC6022 /* Release */ = {
			isa = XCBuildConfiguration;
			buildSettings = {
				ALWAYS_SEARCH_USER_PATHS = NO;
				ASSETCATALOG_COMPILER_GENERATE_SWIFT_ASSET_SYMBOL_EXTENSIONS = YES;
				CLANG_ANALYZER_NONNULL = YES;
				CLANG_ANALYZER_NUMBER_OBJECT_CONVERSION = YES_AGGRESSIVE;
				CLANG_CXX_LANGUAGE_STANDARD = "gnu++20";
				CLANG_ENABLE_MODULES = YES;
				CLANG_ENABLE_OBJC_ARC = YES;
				CLANG_ENABLE_OBJC_WEAK = YES;
				CLANG_WARN_BLOCK_CAPTURE_AUTORELEASING = YES;
				CLANG_WARN_BOOL_CONVERSION = YES;
				CLANG_WARN_COMMA = YES;
				CLANG_WARN_CONSTANT_CONVERSION = YES;
				CLANG_WARN_DEPRECATED_OBJC_IMPLEMENTATIONS = YES;
				CLANG_WARN_DIRECT_OBJC_ISA_USAGE = YES_ERROR;
				CLANG_WARN_DOCUMENTATION_COMMENTS = YES;
				CLANG_WARN_EMPTY_BODY = YES;
				CLANG_WARN_ENUM_CONVERSION = YES;
				CLANG_WARN_INFINITE_RECURSION = YES;
				CLANG_WARN_INT_CONVERSION = YES;
				CLANG_WARN_NON_LITERAL_NULL_CONVERSION = YES;
				CLANG_WARN_OBJC_IMPLICIT_RETAIN_SELF = YES;
				CLANG_WARN_OBJC_LITERAL_CONVERSION = YES;
				CLANG_WARN_OBJC_ROOT_CLASS = YES_ERROR;
				CLANG_WARN_QUOTED_INCLUDE_IN_FRAMEWORK_HEADER = YES;
				CLANG_WARN_RANGE_LOOP_ANALYSIS = YES;
				CLANG_WARN_STRICT_PROTOTYPES = YES;
				CLANG_WARN_SUSPICIOUS_MOVE = YES;
				CLANG_WARN_UNGUARDED_AVAILABILITY = YES_AGGRESSIVE;
				CLANG_WARN_UNREACHABLE_CODE = YES;
				CLANG_WARN__DUPLICATE_METHOD_MATCH = YES;
				COPY_PHASE_STRIP = NO;
				DEBUG_INFORMATION_FORMAT = "dwarf-with-dsym";
				ENABLE_NS_ASSERTIONS = NO;
				ENABLE_STRICT_OBJC_MSGSEND = YES;
				ENABLE_USER_SCRIPT_SANDBOXING = YES;
				GCC_C_LANGUAGE_STANDARD = gnu17;
				GCC_NO_COMMON_BLOCKS = YES;
				GCC_WARN_64_TO_32_BIT_CONVERSION = YES;
				GCC_WARN_ABOUT_RETURN_TYPE = YES_ERROR;
				GCC_WARN_UNDECLARED_SELECTOR = YES;
				GCC_WARN_UNINITIALIZED_AUTOS = YES_AGGRESSIVE;
				GCC_WARN_UNUSED_FUNCTION = YES;
				GCC_WARN_UNUSED_VARIABLE = YES;
				IPHONEOS_DEPLOYMENT_TARGET = 17.4;
				LOCALIZATION_PREFERS_STRING_CATALOGS = YES;
				MTL_ENABLE_DEBUG_INFO = NO;
				MTL_FAST_MATH = YES;
				SDKROOT = iphoneos;
				SWIFT_COMPILATION_MODE = wholemodule;
				VALIDATE_PRODUCT = YES;
			};
			name = Release;
		};
		417C40E62B9A15B400BC6022 /* Debug */ = {
			isa = XCBuildConfiguration;
			buildSettings = {
				ASSETCATALOG_COMPILER_APPICON_NAME = AppIcon;
				ASSETCATALOG_COMPILER_GLOBAL_ACCENT_COLOR_NAME = AccentColor;
				CODE_SIGN_STYLE = Automatic;
				CURRENT_PROJECT_VERSION = 1;
				DEVELOPMENT_TEAM = 9UU59NTC96;
				GENERATE_INFOPLIST_FILE = YES;
				INFOPLIST_FILE = KTV/Info.plist;
				INFOPLIST_KEY_UIApplicationSupportsIndirectInputEvents = YES;
				INFOPLIST_KEY_UILaunchStoryboardName = LaunchScreen;
				INFOPLIST_KEY_UIMainStoryboardFile = Main;
				INFOPLIST_KEY_UISupportedInterfaceOrientations_iPad = "UIInterfaceOrientationPortrait UIInterfaceOrientationPortraitUpsideDown UIInterfaceOrientationLandscapeLeft UIInterfaceOrientationLandscapeRight";
				INFOPLIST_KEY_UISupportedInterfaceOrientations_iPhone = "UIInterfaceOrientationPortrait UIInterfaceOrientationLandscapeLeft UIInterfaceOrientationLandscapeRight";
				IPHONEOS_DEPLOYMENT_TARGET = 15.0;
				LD_RUNPATH_SEARCH_PATHS = (
					"$(inherited)",
					"@executable_path/Frameworks",
				);
				MARKETING_VERSION = 1.0;
				PRODUCT_BUNDLE_IDENTIFIER = com.chung.KTV;
				PRODUCT_NAME = "$(TARGET_NAME)";
				SWIFT_EMIT_LOC_STRINGS = YES;
				SWIFT_VERSION = 5.0;
				TARGETED_DEVICE_FAMILY = "1,2";
			};
			name = Debug;
		};
		417C40E72B9A15B400BC6022 /* Release */ = {
			isa = XCBuildConfiguration;
			buildSettings = {
				ASSETCATALOG_COMPILER_APPICON_NAME = AppIcon;
				ASSETCATALOG_COMPILER_GLOBAL_ACCENT_COLOR_NAME = AccentColor;
				CODE_SIGN_STYLE = Automatic;
				CURRENT_PROJECT_VERSION = 1;
				DEVELOPMENT_TEAM = 9UU59NTC96;
				GENERATE_INFOPLIST_FILE = YES;
				INFOPLIST_FILE = KTV/Info.plist;
				INFOPLIST_KEY_UIApplicationSupportsIndirectInputEvents = YES;
				INFOPLIST_KEY_UILaunchStoryboardName = LaunchScreen;
				INFOPLIST_KEY_UIMainStoryboardFile = Main;
				INFOPLIST_KEY_UISupportedInterfaceOrientations_iPad = "UIInterfaceOrientationPortrait UIInterfaceOrientationPortraitUpsideDown UIInterfaceOrientationLandscapeLeft UIInterfaceOrientationLandscapeRight";
				INFOPLIST_KEY_UISupportedInterfaceOrientations_iPhone = "UIInterfaceOrientationPortrait UIInterfaceOrientationLandscapeLeft UIInterfaceOrientationLandscapeRight";
				IPHONEOS_DEPLOYMENT_TARGET = 15.0;
				LD_RUNPATH_SEARCH_PATHS = (
					"$(inherited)",
					"@executable_path/Frameworks",
				);
				MARKETING_VERSION = 1.0;
				PRODUCT_BUNDLE_IDENTIFIER = com.chung.KTV;
				PRODUCT_NAME = "$(TARGET_NAME)";
				SWIFT_EMIT_LOC_STRINGS = YES;
				SWIFT_VERSION = 5.0;
				TARGETED_DEVICE_FAMILY = "1,2";
			};
			name = Release;
		};
		417C40E92B9A15B400BC6022 /* Debug */ = {
			isa = XCBuildConfiguration;
			buildSettings = {
				ALWAYS_EMBED_SWIFT_STANDARD_LIBRARIES = YES;
				BUNDLE_LOADER = "$(TEST_HOST)";
				CODE_SIGN_STYLE = Automatic;
				CURRENT_PROJECT_VERSION = 1;
				DEVELOPMENT_TEAM = 9UU59NTC96;
				GENERATE_INFOPLIST_FILE = YES;
				IPHONEOS_DEPLOYMENT_TARGET = 17.4;
				MARKETING_VERSION = 1.0;
				PRODUCT_BUNDLE_IDENTIFIER = com.chung.KTVTests;
				PRODUCT_NAME = "$(TARGET_NAME)";
				SWIFT_EMIT_LOC_STRINGS = NO;
				SWIFT_VERSION = 5.0;
				TARGETED_DEVICE_FAMILY = "1,2";
				TEST_HOST = "$(BUILT_PRODUCTS_DIR)/KTV.app/$(BUNDLE_EXECUTABLE_FOLDER_PATH)/KTV";
			};
			name = Debug;
		};
		417C40EA2B9A15B400BC6022 /* Release */ = {
			isa = XCBuildConfiguration;
			buildSettings = {
				ALWAYS_EMBED_SWIFT_STANDARD_LIBRARIES = YES;
				BUNDLE_LOADER = "$(TEST_HOST)";
				CODE_SIGN_STYLE = Automatic;
				CURRENT_PROJECT_VERSION = 1;
				DEVELOPMENT_TEAM = 9UU59NTC96;
				GENERATE_INFOPLIST_FILE = YES;
				IPHONEOS_DEPLOYMENT_TARGET = 17.4;
				MARKETING_VERSION = 1.0;
				PRODUCT_BUNDLE_IDENTIFIER = com.chung.KTVTests;
				PRODUCT_NAME = "$(TARGET_NAME)";
				SWIFT_EMIT_LOC_STRINGS = NO;
				SWIFT_VERSION = 5.0;
				TARGETED_DEVICE_FAMILY = "1,2";
				TEST_HOST = "$(BUILT_PRODUCTS_DIR)/KTV.app/$(BUNDLE_EXECUTABLE_FOLDER_PATH)/KTV";
			};
			name = Release;
		};
		417C40EC2B9A15B400BC6022 /* Debug */ = {
			isa = XCBuildConfiguration;
			buildSettings = {
				ALWAYS_EMBED_SWIFT_STANDARD_LIBRARIES = YES;
				CODE_SIGN_STYLE = Automatic;
				CURRENT_PROJECT_VERSION = 1;
				DEVELOPMENT_TEAM = 9UU59NTC96;
				GENERATE_INFOPLIST_FILE = YES;
				MARKETING_VERSION = 1.0;
				PRODUCT_BUNDLE_IDENTIFIER = com.chung.KTVUITests;
				PRODUCT_NAME = "$(TARGET_NAME)";
				SWIFT_EMIT_LOC_STRINGS = NO;
				SWIFT_VERSION = 5.0;
				TARGETED_DEVICE_FAMILY = "1,2";
				TEST_TARGET_NAME = KTV;
			};
			name = Debug;
		};
		417C40ED2B9A15B400BC6022 /* Release */ = {
			isa = XCBuildConfiguration;
			buildSettings = {
				ALWAYS_EMBED_SWIFT_STANDARD_LIBRARIES = YES;
				CODE_SIGN_STYLE = Automatic;
				CURRENT_PROJECT_VERSION = 1;
				DEVELOPMENT_TEAM = 9UU59NTC96;
				GENERATE_INFOPLIST_FILE = YES;
				MARKETING_VERSION = 1.0;
				PRODUCT_BUNDLE_IDENTIFIER = com.chung.KTVUITests;
				PRODUCT_NAME = "$(TARGET_NAME)";
				SWIFT_EMIT_LOC_STRINGS = NO;
				SWIFT_VERSION = 5.0;
				TARGETED_DEVICE_FAMILY = "1,2";
				TEST_TARGET_NAME = KTV;
			};
			name = Release;
		};
/* End XCBuildConfiguration section */

/* Begin XCConfigurationList section */
		417C40B62B9A15B300BC6022 /* Build configuration list for PBXProject "KTV" */ = {
			isa = XCConfigurationList;
			buildConfigurations = (
				417C40E32B9A15B400BC6022 /* Debug */,
				417C40E42B9A15B400BC6022 /* Release */,
			);
			defaultConfigurationIsVisible = 0;
			defaultConfigurationName = Release;
		};
		417C40E52B9A15B400BC6022 /* Build configuration list for PBXNativeTarget "KTV" */ = {
			isa = XCConfigurationList;
			buildConfigurations = (
				417C40E62B9A15B400BC6022 /* Debug */,
				417C40E72B9A15B400BC6022 /* Release */,
			);
			defaultConfigurationIsVisible = 0;
			defaultConfigurationName = Release;
		};
		417C40E82B9A15B400BC6022 /* Build configuration list for PBXNativeTarget "KTVTests" */ = {
			isa = XCConfigurationList;
			buildConfigurations = (
				417C40E92B9A15B400BC6022 /* Debug */,
				417C40EA2B9A15B400BC6022 /* Release */,
			);
			defaultConfigurationIsVisible = 0;
			defaultConfigurationName = Release;
		};
		417C40EB2B9A15B400BC6022 /* Build configuration list for PBXNativeTarget "KTVUITests" */ = {
			isa = XCConfigurationList;
			buildConfigurations = (
				417C40EC2B9A15B400BC6022 /* Debug */,
				417C40ED2B9A15B400BC6022 /* Release */,
			);
			defaultConfigurationIsVisible = 0;
			defaultConfigurationName = Release;
		};
/* End XCConfigurationList section */
	};
	rootObject = 417C40B32B9A15B300BC6022 /* Project object */;
}
